
Microsoft Visual Studio Solution File, Format Version 12.00
# Visual Studio Version 17
VisualStudioVersion = 17.8.34330.188
MinimumVisualStudioVersion = 10.0.40219.1
Project("{9A19103F-16F7-4668-BE54-9A1E7A4F7556}") = "VendingMachine", "VendingMachine\VendingMachine.csproj", "{A94FF358-F051-4983-B503-3F426E09CCFA}"
EndProject
Project("{9A19103F-16F7-4668-BE54-9A1E7A4F7556}") = "VendingMachine.Tests", "VendingMachine.Tests\VendingMachine.Tests.csproj", "{EE23C323-0AE8-4770-8EC9-D16F3DD086E8}"
EndProject
Project("{9A19103F-16F7-4668-BE54-9A1E7A4F7556}") = "VendingMachine.Business", "VendingMachine.Business\VendingMachine.Business.csproj", "{99BFE28D-2459-417F-A3F5-8E328301F444}"
EndProject
Project("{9A19103F-16F7-4668-BE54-9A1E7A4F7556}") = "VendingMachine.Domain", "VendingMachine.Domain\VendingMachine.Domain.csproj", "{2F4B0A19-8F96-4975-8BD9-582CCAE0D20B}"
EndProject
Project("{9A19103F-16F7-4668-BE54-9A1E7A4F7556}") = "VendingMachine.DataAccess", "VendingMachine.DataAccess\VendingMachine.DataAccess.csproj", "{C790B46D-1E75-4A39-852C-C93D71986283}"
EndProject
Project("{9A19103F-16F7-4668-BE54-9A1E7A4F7556}") = "VendingMachine.Presentation", "VendingMachine.Presentation\VendingMachine.Presentation.csproj", "{0C1FBD12-814D-4CFA-9E2E-892EA7AB3ADD}"
EndProject
Project("{FAE04EC0-301F-11D3-BF4B-00C04F79EFBC}") = "VendingMachine.RestApi", "VendingMachine.RestApi\VendingMachine.RestApi.csproj", "{B1138BA8-2B9B-46C4-B2C9-148B1288D354}"
EndProject
Global
	GlobalSection(SolutionConfigurationPlatforms) = preSolution
		Debug|Any CPU = Debug|Any CPU
		Release|Any CPU = Release|Any CPU
	EndGlobalSection
	GlobalSection(ProjectConfigurationPlatforms) = postSolution
		{A94FF358-F051-4983-B503-3F426E09CCFA}.Debug|Any CPU.ActiveCfg = Debug|Any CPU
		{A94FF358-F051-4983-B503-3F426E09CCFA}.Debug|Any CPU.Build.0 = Debug|Any CPU
		{A94FF358-F051-4983-B503-3F426E09CCFA}.Release|Any CPU.ActiveCfg = Release|Any CPU
		{A94FF358-F051-4983-B503-3F426E09CCFA}.Release|Any CPU.Build.0 = Release|Any CPU
		{EE23C323-0AE8-4770-8EC9-D16F3DD086E8}.Debug|Any CPU.ActiveCfg = Debug|Any CPU
		{EE23C323-0AE8-4770-8EC9-D16F3DD086E8}.Debug|Any CPU.Build.0 = Debug|Any CPU
		{EE23C323-0AE8-4770-8EC9-D16F3DD086E8}.Release|Any CPU.ActiveCfg = Release|Any CPU
		{EE23C323-0AE8-4770-8EC9-D16F3DD086E8}.Release|Any CPU.Build.0 = Release|Any CPU
		{99BFE28D-2459-417F-A3F5-8E328301F444}.Debug|Any CPU.ActiveCfg = Debug|Any CPU
		{99BFE28D-2459-417F-A3F5-8E328301F444}.Debug|Any CPU.Build.0 = Debug|Any CPU
		{99BFE28D-2459-417F-A3F5-8E328301F444}.Release|Any CPU.ActiveCfg = Release|Any CPU
		{99BFE28D-2459-417F-A3F5-8E328301F444}.Release|Any CPU.Build.0 = Release|Any CPU
		{2F4B0A19-8F96-4975-8BD9-582CCAE0D20B}.Debug|Any CPU.ActiveCfg = Debug|Any CPU
		{2F4B0A19-8F96-4975-8BD9-582CCAE0D20B}.Debug|Any CPU.Build.0 = Debug|Any CPU
		{2F4B0A19-8F96-4975-8BD9-582CCAE0D20B}.Release|Any CPU.ActiveCfg = Release|Any CPU
		{2F4B0A19-8F96-4975-8BD9-582CCAE0D20B}.Release|Any CPU.Build.0 = Release|Any CPU
		{C790B46D-1E75-4A39-852C-C93D71986283}.Debug|Any CPU.ActiveCfg = Debug|Any CPU
		{C790B46D-1E75-4A39-852C-C93D71986283}.Debug|Any CPU.Build.0 = Debug|Any CPU
		{C790B46D-1E75-4A39-852C-C93D71986283}.Release|Any CPU.ActiveCfg = Release|Any CPU
		{C790B46D-1E75-4A39-852C-C93D71986283}.Release|Any CPU.Build.0 = Release|Any CPU
		{0C1FBD12-814D-4CFA-9E2E-892EA7AB3ADD}.Debug|Any CPU.ActiveCfg = Debug|Any CPU
		{0C1FBD12-814D-4CFA-9E2E-892EA7AB3ADD}.Debug|Any CPU.Build.0 = Debug|Any CPU
		{0C1FBD12-814D-4CFA-9E2E-892EA7AB3ADD}.Release|Any CPU.ActiveCfg = Release|Any CPU
		{0C1FBD12-814D-4CFA-9E2E-892EA7AB3ADD}.Release|Any CPU.Build.0 = Release|Any CPU
		{B1138BA8-2B9B-46C4-B2C9-148B1288D354}.Debug|Any CPU.ActiveCfg = Debug|Any CPU
		{B1138BA8-2B9B-46C4-B2C9-148B1288D354}.Debug|Any CPU.Build.0 = Debug|Any CPU
		{B1138BA8-2B9B-46C4-B2C9-148B1288D354}.Release|Any CPU.ActiveCfg = Release|Any CPU
		{B1138BA8-2B9B-46C4-B2C9-148B1288D354}.Release|Any CPU.Build.0 = Release|Any CPU
	EndGlobalSection
	GlobalSection(SolutionProperties) = preSolution
		HideSolutionNode = FALSE
	EndGlobalSection
	GlobalSection(ExtensibilityGlobals) = postSolution
		SolutionGuid = {E34B4F8B-BD95-4212-98E3-F852B0BE5E2A}
	EndGlobalSection
EndGlobal
